
Microsoft Visual Studio Solution File, Format Version 12.00
# Visual Studio Version 17
VisualStudioVersion = 17.0.31903.59
MinimumVisualStudioVersion = 10.0.40219.1
Project("{FAE04EC0-301F-11D3-BF4B-00C04F79EFBC}") = "PositiveNegativeNumber", "PositiveNegativeNumber\PositiveNegativeNumber.csproj", "{A2ABFE79-82C9-44CF-BF0A-A067DAA7A966}"
EndProject
Project("{FAE04EC0-301F-11D3-BF4B-00C04F79EFBC}") = "LargestNumber", "LargestNumber\LargestNumber.csproj", "{53E612A0-B352-4B2B-8942-5B7E7097AC4C}"
EndProject
Project("{FAE04EC0-301F-11D3-BF4B-00C04F79EFBC}") = "TenBillion", "TenBillion\TenBillion.csproj", "{77AB50C0-F0DA-46B0-8299-7AB0B9404B03}"
EndProject
Project("{FAE04EC0-301F-11D3-BF4B-00C04F79EFBC}") = "PrintDayInWord", "PrintDayInWord\PrintDayInWord.csproj", "{1AF0D3BD-32FB-4402-955C-906A16B66800}"
EndProject
Project("{FAE04EC0-301F-11D3-BF4B-00C04F79EFBC}") = "PhoneKeyPad", "PhoneKeyPad\PhoneKeyPad.csproj", "{F618D375-D7CD-49CC-97CB-28F7F59F00CE}"
EndProject
Project("{FAE04EC0-301F-11D3-BF4B-00C04F79EFBC}") = "GetTheCentury", "GetTheCentury\GetTheCentury.csproj", "{A0578E0C-94CB-429D-9AE1-AC308331D69C}"
EndProject
Project("{FAE04EC0-301F-11D3-BF4B-00C04F79EFBC}") = "Rock-Paper-Scissors", "Rock-Paper-Scissors\Rock-Paper-Scissors.csproj", "{70615395-FA6D-4B4C-B74A-6C0184581027}"
EndProject
Project("{FAE04EC0-301F-11D3-BF4B-00C04F79EFBC}") = "Calculator", "Calculator\Calculator.csproj", "{56E716C4-BDED-4D86-9704-B26D32B75E45}"
EndProject
Global
	GlobalSection(SolutionConfigurationPlatforms) = preSolution
		Debug|Any CPU = Debug|Any CPU
		Release|Any CPU = Release|Any CPU
	EndGlobalSection
	GlobalSection(ProjectConfigurationPlatforms) = postSolution
		{A2ABFE79-82C9-44CF-BF0A-A067DAA7A966}.Debug|Any CPU.ActiveCfg = Debug|Any CPU
		{A2ABFE79-82C9-44CF-BF0A-A067DAA7A966}.Debug|Any CPU.Build.0 = Debug|Any CPU
		{A2ABFE79-82C9-44CF-BF0A-A067DAA7A966}.Release|Any CPU.ActiveCfg = Release|Any CPU
		{A2ABFE79-82C9-44CF-BF0A-A067DAA7A966}.Release|Any CPU.Build.0 = Release|Any CPU
		{53E612A0-B352-4B2B-8942-5B7E7097AC4C}.Debug|Any CPU.ActiveCfg = Debug|Any CPU
		{53E612A0-B352-4B2B-8942-5B7E7097AC4C}.Debug|Any CPU.Build.0 = Debug|Any CPU
		{53E612A0-B352-4B2B-8942-5B7E7097AC4C}.Release|Any CPU.ActiveCfg = Release|Any CPU
		{53E612A0-B352-4B2B-8942-5B7E7097AC4C}.Release|Any CPU.Build.0 = Release|Any CPU
		{77AB50C0-F0DA-46B0-8299-7AB0B9404B03}.Debug|Any CPU.ActiveCfg = Debug|Any CPU
		{77AB50C0-F0DA-46B0-8299-7AB0B9404B03}.Debug|Any CPU.Build.0 = Debug|Any CPU
		{77AB50C0-F0DA-46B0-8299-7AB0B9404B03}.Release|Any CPU.ActiveCfg = Release|Any CPU
		{77AB50C0-F0DA-46B0-8299-7AB0B9404B03}.Release|Any CPU.Build.0 = Release|Any CPU
		{1AF0D3BD-32FB-4402-955C-906A16B66800}.Debug|Any CPU.ActiveCfg = Debug|Any CPU
		{1AF0D3BD-32FB-4402-955C-906A16B66800}.Debug|Any CPU.Build.0 = Debug|Any CPU
		{1AF0D3BD-32FB-4402-955C-906A16B66800}.Release|Any CPU.ActiveCfg = Release|Any CPU
		{1AF0D3BD-32FB-4402-955C-906A16B66800}.Release|Any CPU.Build.0 = Release|Any CPU
		{F618D375-D7CD-49CC-97CB-28F7F59F00CE}.Debug|Any CPU.ActiveCfg = Debug|Any CPU
		{F618D375-D7CD-49CC-97CB-28F7F59F00CE}.Debug|Any CPU.Build.0 = Debug|Any CPU
		{F618D375-D7CD-49CC-97CB-28F7F59F00CE}.Release|Any CPU.ActiveCfg = Release|Any CPU
		{F618D375-D7CD-49CC-97CB-28F7F59F00CE}.Release|Any CPU.Build.0 = Release|Any CPU
		{A0578E0C-94CB-429D-9AE1-AC308331D69C}.Debug|Any CPU.ActiveCfg = Debug|Any CPU
		{A0578E0C-94CB-429D-9AE1-AC308331D69C}.Debug|Any CPU.Build.0 = Debug|Any CPU
		{A0578E0C-94CB-429D-9AE1-AC308331D69C}.Release|Any CPU.ActiveCfg = Release|Any CPU
		{A0578E0C-94CB-429D-9AE1-AC308331D69C}.Release|Any CPU.Build.0 = Release|Any CPU
		{70615395-FA6D-4B4C-B74A-6C0184581027}.Debug|Any CPU.ActiveCfg = Debug|Any CPU
		{70615395-FA6D-4B4C-B74A-6C0184581027}.Debug|Any CPU.Build.0 = Debug|Any CPU
		{70615395-FA6D-4B4C-B74A-6C0184581027}.Release|Any CPU.ActiveCfg = Release|Any CPU
		{70615395-FA6D-4B4C-B74A-6C0184581027}.Release|Any CPU.Build.0 = Release|Any CPU
		{56E716C4-BDED-4D86-9704-B26D32B75E45}.Debug|Any CPU.ActiveCfg = Debug|Any CPU
		{56E716C4-BDED-4D86-9704-B26D32B75E45}.Debug|Any CPU.Build.0 = Debug|Any CPU
		{56E716C4-BDED-4D86-9704-B26D32B75E45}.Release|Any CPU.ActiveCfg = Release|Any CPU
		{56E716C4-BDED-4D86-9704-B26D32B75E45}.Release|Any CPU.Build.0 = Release|Any CPU
	EndGlobalSection
	GlobalSection(SolutionProperties) = preSolution
		HideSolutionNode = FALSE
	EndGlobalSection
	GlobalSection(ExtensibilityGlobals) = postSolution
		SolutionGuid = {D10897BE-BB96-4A8C-9E4A-797DE25AE35F}
	EndGlobalSection
EndGlobal
